
Microsoft Visual Studio Solution File, Format Version 12.00
# Visual Studio Version 17
VisualStudioVersion = 17.13.35818.85
MinimumVisualStudioVersion = 10.0.40219.1
Project("{FAE04EC0-301F-11D3-BF4B-00C04F79EFBC}") = "JsonTreeView", "JsonTreeView\JsonTreeView.csproj", "{E52546F3-99AC-44D9-A347-D57C9D27BB7F}"
EndProject
Project("{FAE04EC0-301F-11D3-BF4B-00C04F79EFBC}") = "JsonTreeView.Tests", "JsonTreeView.Tests\JsonTreeView.Tests.csproj", "{333FA8B0-7357-42CF-BB32-23654395E9B7}"
EndProject
Project("{FAE04EC0-301F-11D3-BF4B-00C04F79EFBC}") = "WinFormsConsoleReadonly", "WinFormsConsoleReadonly\WinFormsConsoleReadonly.csproj", "{49E68F45-2B6D-49B5-B37D-52D6A5DA9AB4}"
EndProject
Project("{FAE04EC0-301F-11D3-BF4B-00C04F79EFBC}") = "IFCLoadXMLData", "..\..\03IFCLoadXMLData\IFCLoadXMLData.csproj", "{5CE308FB-8DC2-7CB7-C553-7956F7C29FC1}"
EndProject
Project("{FAE04EC0-301F-11D3-BF4B-00C04F79EFBC}") = "TestIFCLoadXMLData", "..\..\TestIFCLoadXMLData\TestIFCLoadXMLData.csproj", "{11E76409-0DCC-6967-C1CE-BBE6C762D925}"
EndProject
Project("{FAE04EC0-301F-11D3-BF4B-00C04F79EFBC}") = "MyIFCTools4OBJFiles", "..\..\07MyIFCTools4OBJFiles\MyIFCTools4OBJFiles.csproj", "{17B7AAE1-D14D-A6C3-B21C-0DB5691002B3}"
EndProject
Project("{FAE04EC0-301F-11D3-BF4B-00C04F79EFBC}") = "ModelPickingFramebuffer", "..\..\ModelPickingLib\ModelPickingFramebuffer.csproj", "{D5A26E98-8C68-8A9F-F8E5-14654A8CDBF7}"
EndProject
Project("{FAE04EC0-301F-11D3-BF4B-00C04F79EFBC}") = "MyOpenTK", "..\..\MyOpenTK\MyOpenTK.csproj", "{588C2A8A-C251-88BD-E9EA-E9B2BE565615}"
EndProject
Project("{FAE04EC0-301F-11D3-BF4B-00C04F79EFBC}") = "SongoOrbitCameraLib", "..\..\SongoOrbitCameraLib\SongoOrbitCameraLib.csproj", "{2D8067C6-E2B7-FF52-3030-88952DDC8249}"
EndProject
Project("{FAE04EC0-301F-11D3-BF4B-00C04F79EFBC}") = "StbImageSharp", "..\..\StbImageSharp\src\StbImageSharp.csproj", "{5D74A66D-6CBF-4DFA-3C07-67D1EE11DEE6}"
EndProject
Project("{FAE04EC0-301F-11D3-BF4B-00C04F79EFBC}") = "OpenTK.GLControl", "..\..\OpenTK.GLControl\OpenTK.GLControl.csproj", "{C054B552-B502-FDA3-8131-B95CF0978E6F}"
EndProject
Global
	GlobalSection(SolutionConfigurationPlatforms) = preSolution
		Debug|Any CPU = Debug|Any CPU
		Release|Any CPU = Release|Any CPU
	EndGlobalSection
	GlobalSection(ProjectConfigurationPlatforms) = postSolution
		{E52546F3-99AC-44D9-A347-D57C9D27BB7F}.Debug|Any CPU.ActiveCfg = Debug|Any CPU
		{E52546F3-99AC-44D9-A347-D57C9D27BB7F}.Debug|Any CPU.Build.0 = Debug|Any CPU
		{E52546F3-99AC-44D9-A347-D57C9D27BB7F}.Release|Any CPU.ActiveCfg = Release|Any CPU
		{E52546F3-99AC-44D9-A347-D57C9D27BB7F}.Release|Any CPU.Build.0 = Release|Any CPU
		{333FA8B0-7357-42CF-BB32-23654395E9B7}.Debug|Any CPU.ActiveCfg = Debug|Any CPU
		{333FA8B0-7357-42CF-BB32-23654395E9B7}.Debug|Any CPU.Build.0 = Debug|Any CPU
		{333FA8B0-7357-42CF-BB32-23654395E9B7}.Release|Any CPU.ActiveCfg = Release|Any CPU
		{333FA8B0-7357-42CF-BB32-23654395E9B7}.Release|Any CPU.Build.0 = Release|Any CPU
		{49E68F45-2B6D-49B5-B37D-52D6A5DA9AB4}.Debug|Any CPU.ActiveCfg = Debug|Any CPU
		{49E68F45-2B6D-49B5-B37D-52D6A5DA9AB4}.Debug|Any CPU.Build.0 = Debug|Any CPU
		{49E68F45-2B6D-49B5-B37D-52D6A5DA9AB4}.Release|Any CPU.ActiveCfg = Release|Any CPU
		{49E68F45-2B6D-49B5-B37D-52D6A5DA9AB4}.Release|Any CPU.Build.0 = Release|Any CPU
		{5CE308FB-8DC2-7CB7-C553-7956F7C29FC1}.Debug|Any CPU.ActiveCfg = Debug|Any CPU
		{5CE308FB-8DC2-7CB7-C553-7956F7C29FC1}.Debug|Any CPU.Build.0 = Debug|Any CPU
		{5CE308FB-8DC2-7CB7-C553-7956F7C29FC1}.Release|Any CPU.ActiveCfg = Release|Any CPU
		{5CE308FB-8DC2-7CB7-C553-7956F7C29FC1}.Release|Any CPU.Build.0 = Release|Any CPU
		{11E76409-0DCC-6967-C1CE-BBE6C762D925}.Debug|Any CPU.ActiveCfg = Debug|Any CPU
		{11E76409-0DCC-6967-C1CE-BBE6C762D925}.Debug|Any CPU.Build.0 = Debug|Any CPU
		{11E76409-0DCC-6967-C1CE-BBE6C762D925}.Release|Any CPU.ActiveCfg = Release|Any CPU
		{11E76409-0DCC-6967-C1CE-BBE6C762D925}.Release|Any CPU.Build.0 = Release|Any CPU
		{17B7AAE1-D14D-A6C3-B21C-0DB5691002B3}.Debug|Any CPU.ActiveCfg = Debug|Any CPU
		{17B7AAE1-D14D-A6C3-B21C-0DB5691002B3}.Debug|Any CPU.Build.0 = Debug|Any CPU
		{17B7AAE1-D14D-A6C3-B21C-0DB5691002B3}.Release|Any CPU.ActiveCfg = Release|Any CPU
		{17B7AAE1-D14D-A6C3-B21C-0DB5691002B3}.Release|Any CPU.Build.0 = Release|Any CPU
		{D5A26E98-8C68-8A9F-F8E5-14654A8CDBF7}.Debug|Any CPU.ActiveCfg = Debug|Any CPU
		{D5A26E98-8C68-8A9F-F8E5-14654A8CDBF7}.Debug|Any CPU.Build.0 = Debug|Any CPU
		{D5A26E98-8C68-8A9F-F8E5-14654A8CDBF7}.Release|Any CPU.ActiveCfg = Release|Any CPU
		{D5A26E98-8C68-8A9F-F8E5-14654A8CDBF7}.Release|Any CPU.Build.0 = Release|Any CPU
		{588C2A8A-C251-88BD-E9EA-E9B2BE565615}.Debug|Any CPU.ActiveCfg = Debug|Any CPU
		{588C2A8A-C251-88BD-E9EA-E9B2BE565615}.Debug|Any CPU.Build.0 = Debug|Any CPU
		{588C2A8A-C251-88BD-E9EA-E9B2BE565615}.Release|Any CPU.ActiveCfg = Release|Any CPU
		{588C2A8A-C251-88BD-E9EA-E9B2BE565615}.Release|Any CPU.Build.0 = Release|Any CPU
		{2D8067C6-E2B7-FF52-3030-88952DDC8249}.Debug|Any CPU.ActiveCfg = Debug|Any CPU
		{2D8067C6-E2B7-FF52-3030-88952DDC8249}.Debug|Any CPU.Build.0 = Debug|Any CPU
		{2D8067C6-E2B7-FF52-3030-88952DDC8249}.Release|Any CPU.ActiveCfg = Release|Any CPU
		{2D8067C6-E2B7-FF52-3030-88952DDC8249}.Release|Any CPU.Build.0 = Release|Any CPU
		{5D74A66D-6CBF-4DFA-3C07-67D1EE11DEE6}.Debug|Any CPU.ActiveCfg = Debug|Any CPU
		{5D74A66D-6CBF-4DFA-3C07-67D1EE11DEE6}.Debug|Any CPU.Build.0 = Debug|Any CPU
		{5D74A66D-6CBF-4DFA-3C07-67D1EE11DEE6}.Release|Any CPU.ActiveCfg = Release|Any CPU
		{5D74A66D-6CBF-4DFA-3C07-67D1EE11DEE6}.Release|Any CPU.Build.0 = Release|Any CPU
		{C054B552-B502-FDA3-8131-B95CF0978E6F}.Debug|Any CPU.ActiveCfg = Debug|Any CPU
		{C054B552-B502-FDA3-8131-B95CF0978E6F}.Debug|Any CPU.Build.0 = Debug|Any CPU
		{C054B552-B502-FDA3-8131-B95CF0978E6F}.Release|Any CPU.ActiveCfg = Release|Any CPU
		{C054B552-B502-FDA3-8131-B95CF0978E6F}.Release|Any CPU.Build.0 = Release|Any CPU
	EndGlobalSection
	GlobalSection(SolutionProperties) = preSolution
		HideSolutionNode = FALSE
	EndGlobalSection
	GlobalSection(ExtensibilityGlobals) = postSolution
		SolutionGuid = {2BB55BA3-8CBB-4F67-ABA8-98F938136F72}
	EndGlobalSection
EndGlobal
